Microsoft Visual Studio Solution File, Format Version 12.00
# Visual Studio Version 17
VisualStudioVersion = 17.5.2.0
MinimumVisualStudioVersion = 10.0.40219.1
Project("{FAE04EC0-301F-11D3-BF4B-00C04F79EFBC}") = "thymian.Test", "data-generator-api-test\thymian.Test.csproj", "{4D999166-D3FE-975F-D3C0-11DE10D0155B}"
EndProject
Project("{FAE04EC0-301F-11D3-BF4B-00C04F79EFBC}") = "thymian", "data-generator-api\thymian.csproj", "{2739968D-4B9F-EB2E-9B7F-AB9B4E57D257}"
EndProject
Global
	GlobalSection(SolutionConfigurationPlatforms) = preSolution
		Debug|Any CPU = Debug|Any CPU
		Release|Any CPU = Release|Any CPU
	EndGlobalSection
	GlobalSection(ProjectConfigurationPlatforms) = postSolution
		{4D999166-D3FE-975F-D3C0-11DE10D0155B}.Debug|Any CPU.ActiveCfg = Debug|Any CPU
		{4D999166-D3FE-975F-D3C0-11DE10D0155B}.Debug|Any CPU.Build.0 = Debug|Any CPU
		{4D999166-D3FE-975F-D3C0-11DE10D0155B}.Release|Any CPU.ActiveCfg = Release|Any CPU
		{4D999166-D3FE-975F-D3C0-11DE10D0155B}.Release|Any CPU.Build.0 = Release|Any CPU
		{2739968D-4B9F-EB2E-9B7F-AB9B4E57D257}.Debug|Any CPU.ActiveCfg = Debug|Any CPU
		{2739968D-4B9F-EB2E-9B7F-AB9B4E57D257}.Debug|Any CPU.Build.0 = Debug|Any CPU
		{2739968D-4B9F-EB2E-9B7F-AB9B4E57D257}.Release|Any CPU.ActiveCfg = Release|Any CPU
		{2739968D-4B9F-EB2E-9B7F-AB9B4E57D257}.Release|Any CPU.Build.0 = Release|Any CPU
	EndGlobalSection
	GlobalSection(SolutionProperties) = preSolution
		HideSolutionNode = FALSE
	EndGlobalSection
	GlobalSection(ExtensibilityGlobals) = postSolution
		SolutionGuid = {361995B6-68FE-4A0E-AC41-44F9CC31AFF3}
	EndGlobalSection
EndGlobal
